# This file is automatically @generated by Cargo.
# It is not intended for manual editing.
version = 4

[[package]]
name = "celestia-core"
version = "0.1.0"

[[package]]
name = "cli"
version = "0.1.0"
dependencies = [
 "celestia-core",
]

[[package]]
name = "simple_app"
version = "0.1.0"
dependencies = [
 "celestia-core",
]
